lockfileVersion: '9.0'

settings:
  autoInstallPeers: true
  excludeLinksFromLockfile: false

importers:

  .:
    dependencies:
      '@supercharge/promise-pool':
        specifier: ^3.3.0
        version: 3.3.0

packages:

  '@supercharge/promise-pool@3.3.0':
    resolution: {integrity: sha512-qGzCltMN05ohRRQAXB8TPWt+0Coz9Va266gr9nYN1qc/f/EIaup3VRg7b59mtRaeKTRcxreF20l/udCM/gOqNg==}
    engines: {node: '>=8'}

snapshots:

  '@supercharge/promise-pool@3.3.0': {}
